lockfileVersion: '9.0'

settings:
  autoInstallPeers: true
  excludeLinksFromLockfile: false

importers:

  .:
    dependencies:
      '@eslint/plugin-kit':
        specifier: '>=0.2.3'
        version: 0.2.5

packages:

  '@eslint/core@0.10.0':
    resolution: {integrity: sha512-gFHJ+xBOo4G3WRlR1e/3G8A6/KZAH6zcE/hkLRCZTi/B9avAG365QhFA8uOGzTMqgTghpn7/fSnscW++dpMSAw==}
    engines: {node: ^18.18.0 || ^20.9.0 || >=21.1.0}

  '@eslint/plugin-kit@0.2.5':
    resolution: {integrity: sha512-lB05FkqEdUg2AA0xEbUz0SnkXT1LcCTa438W4IWTUh4hdOnVbQyOJ81OrDXsJk/LSiJHubgGEFoR5EHq1NsH1A==}
    engines: {node: ^18.18.0 || ^20.9.0 || >=21.1.0}

  '@types/json-schema@7.0.15':
    resolution: {integrity: sha512-5+fP8P8MFNC+AyZCDxrB2pkZFPGzqQWUzpSeuuVLvm8VMcorNYavBqoFcxK8bQz4Qsbn4oUEEem4wDLfcysGHA==}

  levn@0.4.1:
    resolution: {integrity: sha512-+bT2uH4E5LGE7h/n3evcS/sQlJXCpIp6ym8OWJ5eV6+67Dsql/LaaT7qJBAt2rzfoa/5QBGBhxDix1dMt2kQKQ==}
    engines: {node: '>= 0.8.0'}

  prelude-ls@1.2.1:
    resolution: {integrity: sha512-vkcDPrRZo1QZLbn5RLGPpg/WmIQ65qoWWhcGKf/b5eplkkarX0m9z8ppCat4mlOqUsWpyNuYgO3VRyrYHSzX5g==}
    engines: {node: '>= 0.8.0'}

  type-check@0.4.0:
    resolution: {integrity: sha512-XleUoc9uwGXqjWwXaUTZAmzMcFZ5858QA2vvx1Ur5xIcixXIP+8LnFDgRplU30us6teqdlskFfu+ae4K79Ooew==}
    engines: {node: '>= 0.8.0'}

snapshots:

  '@eslint/core@0.10.0':
    dependencies:
      '@types/json-schema': 7.0.15

  '@eslint/plugin-kit@0.2.5':
    dependencies:
      '@eslint/core': 0.10.0
      levn: 0.4.1

  '@types/json-schema@7.0.15': {}

  levn@0.4.1:
    dependencies:
      prelude-ls: 1.2.1
      type-check: 0.4.0

  prelude-ls@1.2.1: {}

  type-check@0.4.0:
    dependencies:
      prelude-ls: 1.2.1
